// !$*UTF8*$!
{
	archiveVersion = 1;
	classes = {
	};
	objectVersion = 46;
	objects = {

/* Begin PBXBuildFile section */
		2304D8D31C5D49CF005E8D36 /* DatabaseRecipe.swift in Sources */ = {isa = PBXBuildFile; fileRef = 2304D8D21C5D49CF005E8D36 /* DatabaseRecipe.swift */; };
		23113E9D1C41A2B700B07756 /* DiaryEntry.swift in Sources */ = {isa = PBXBuildFile; fileRef = 23113E9C1C41A2B700B07756 /* DiaryEntry.swift */; };
		23113E9F1C41A44F00B07756 /* UserMeal.swift in Sources */ = {isa = PBXBuildFile; fileRef = 23113E9E1C41A44F00B07756 /* UserMeal.swift */; };
		23113EA11C41BCCD00B07756 /* CalorieBudgetView.swift in Sources */ = {isa = PBXBuildFile; fileRef = 23113EA01C41BCCD00B07756 /* CalorieBudgetView.swift */; };
		23300B561C36FBE200D2C166 /* String+Trim.swift in Sources */ = {isa = PBXBuildFile; fileRef = 23300B551C36FBE200D2C166 /* String+Trim.swift */; };
		23300B5D1C37128500D2C166 /* SignupViewController.swift in Sources */ = {isa = PBXBuildFile; fileRef = 23300B5C1C37128500D2C166 /* SignupViewController.swift */; };
		23300B5F1C374B8D00D2C166 /* CustomUser.swift in Sources */ = {isa = PBXBuildFile; fileRef = 23300B5E1C374B8D00D2C166 /* CustomUser.swift */; };
		23300B611C3B3A2F00D2C166 /* LoginViewController.swift in Sources */ = {isa = PBXBuildFile; fileRef = 23300B601C3B3A2F00D2C166 /* LoginViewController.swift */; };
		233CB02D1C78FB06006C0269 /* PreviousMealsAddViewController.swift in Sources */ = {isa = PBXBuildFile; fileRef = 233CB02C1C78FB06006C0269 /* PreviousMealsAddViewController.swift */; };
		233CB02F1C78FC2C006C0269 /* PreviousMealEntryTableViewCell.swift in Sources */ = {isa = PBXBuildFile; fileRef = 233CB02E1C78FC2C006C0269 /* PreviousMealEntryTableViewCell.swift */; };
		233CB0311C790508006C0269 /* CheckboxUIButton.swift in Sources */ = {isa = PBXBuildFile; fileRef = 233CB0301C790508006C0269 /* CheckboxUIButton.swift */; };
		233F94FF1C1930CA00C0D714 /* DateNavigationControl.swift in Sources */ = {isa = PBXBuildFile; fileRef = 233F94FE1C1930CA00C0D714 /* DateNavigationControl.swift */; };
		2375D5D81BDC09B70065AC14 /* AppDelegate.swift in Sources */ = {isa = PBXBuildFile; fileRef = 2375D5D71BDC09B70065AC14 /* AppDelegate.swift */; };
		2375D5DF1BDC09B70065AC14 /* Assets.xcassets in Resources */ = {isa = PBXBuildFile; fileRef = 2375D5DE1BDC09B70065AC14 /* Assets.xcassets */; };
		2375D5E21BDC09B70065AC14 /* LaunchScreen.storyboard in Resources */ = {isa = PBXBuildFile; fileRef = 2375D5E01BDC09B70065AC14 /* LaunchScreen.storyboard */; };
		2375D5ED1BDC09B70065AC14 /* Dart_MouthTests.swift in Sources */ = {isa = PBXBuildFile; fileRef = 2375D5EC1BDC09B70065AC14 /* Dart_MouthTests.swift */; };
		2376308C1BEE94D8000A6C54 /* PreferencesViewController.swift in Sources */ = {isa = PBXBuildFile; fileRef = 2376308A1BEE94D8000A6C54 /* PreferencesViewController.swift */; };
		2376308D1BEE94D8000A6C54 /* DiaryViewController.swift in Sources */ = {isa = PBXBuildFile; fileRef = 2376308B1BEE94D8000A6C54 /* DiaryViewController.swift */; };
		237630931BEEB3F0000A6C54 /* RecipeNutritionViewController.swift in Sources */ = {isa = PBXBuildFile; fileRef = 237630921BEEB3F0000A6C54 /* RecipeNutritionViewController.swift */; };
		237CC7B61C448E8300205DC6 /* DiaryEntryTableViewCell.swift in Sources */ = {isa = PBXBuildFile; fileRef = 237CC7B51C448E8300205DC6 /* DiaryEntryTableViewCell.swift */; };
		237CC7B81C48BA3200205DC6 /* DiaryTableHeaderView.swift in Sources */ = {isa = PBXBuildFile; fileRef = 237CC7B71C48BA3200205DC6 /* DiaryTableHeaderView.swift */; };
		2384EF081C65480F00C9491B /* PastMealTableViewCell.swift in Sources */ = {isa = PBXBuildFile; fileRef = 2384EF071C65480F00C9491B /* PastMealTableViewCell.swift */; };
		238F1C8F1C2A2077007720F8 /* Recipe.swift in Sources */ = {isa = PBXBuildFile; fileRef = 238F1C8E1C2A2077007720F8 /* Recipe.swift */; };
		238F1C971C2B8190007720F8 /* Offering.swift in Sources */ = {isa = PBXBuildFile; fileRef = 238F1C961C2B8190007720F8 /* Offering.swift */; };
		238F1C991C2C6F22007720F8 /* Constants.swift in Sources */ = {isa = PBXBuildFile; fileRef = 238F1C981C2C6F22007720F8 /* Constants.swift */; };
		238F1C9B1C2C7867007720F8 /* Mappings.swift in Sources */ = {isa = PBXBuildFile; fileRef = 238F1C9A1C2C7867007720F8 /* Mappings.swift */; };
		238F1C9D1C2DE938007720F8 /* MealEnums.swift in Sources */ = {isa = PBXBuildFile; fileRef = 238F1C9C1C2DE938007720F8 /* MealEnums.swift */; };
		238F1C9F1C2DE95F007720F8 /* ParseFieldCompatibleProtocol.swift in Sources */ = {isa = PBXBuildFile; fileRef = 238F1C9E1C2DE95F007720F8 /* ParseFieldCompatibleProtocol.swift */; };
		238F1CA11C332801007720F8 /* NSDate+ConvenienceInit.swift in Sources */ = {isa = PBXBuildFile; fileRef = 238F1CA01C332801007720F8 /* NSDate+ConvenienceInit.swift */; };
		239BFA7A1C190CF200617EE7 /* MenuViewController.swift in Sources */ = {isa = PBXBuildFile; fileRef = 239BFA791C190CF200617EE7 /* MenuViewController.swift */; };
		23A08E131BF30B94002685A6 /* InitializationViewController.swift in Sources */ = {isa = PBXBuildFile; fileRef = 23A08E121BF30B94002685A6 /* InitializationViewController.swift */; };
		23A4F5C61C4A350F006C7891 /* RecipeCell.swift in Sources */ = {isa = PBXBuildFile; fileRef = 23A4F5C51C4A350F006C7891 /* RecipeCell.swift */; };
		23A4F5CA1C502965006C7891 /* MenuContainerViewController.swift in Sources */ = {isa = PBXBuildFile; fileRef = 23A4F5C91C502965006C7891 /* MenuContainerViewController.swift */; };
		23A4F5CC1C5040BC006C7891 /* FractionUtil.swift in Sources */ = {isa = PBXBuildFile; fileRef = 23A4F5CB1C5040BC006C7891 /* FractionUtil.swift */; };
		23A4F5D01C50726C006C7891 /* RecipeNutritonAdderContainerViewController.swift in Sources */ = {isa = PBXBuildFile; fileRef = 23A4F5CF1C50726C006C7891 /* RecipeNutritonAdderContainerViewController.swift */; };
		23A4F5D21C509D0C006C7891 /* DiaryEntryEditContainerViewController.swift in Sources */ = {isa = PBXBuildFile; fileRef = 23A4F5D11C509D0B006C7891 /* DiaryEntryEditContainerViewController.swift */; };
		23B9FFDD1C8A2E1800E8D680 /* Subscription.swift in Sources */ = {isa = PBXBuildFile; fileRef = 23B9FFDC1C8A2E1800E8D680 /* Subscription.swift */; };
		23BF16BB1C0D319D00F2CD8E /* Main.storyboard in Resources */ = {isa = PBXBuildFile; fileRef = 23BF16BA1C0D319D00F2CD8E /* Main.storyboard */; };
		23C1741C1C51F68B00602A04 /* DiaryEntryMealPickerViewController.swift in Sources */ = {isa = PBXBuildFile; fileRef = 23C1741B1C51F68B00602A04 /* DiaryEntryMealPickerViewController.swift */; };
		23C1741E1C51F71000602A04 /* DiaryEntryAddContainerViewController.swift in Sources */ = {isa = PBXBuildFile; fileRef = 23C1741D1C51F71000602A04 /* DiaryEntryAddContainerViewController.swift */; };
		23C174201C5413E400602A04 /* DiaryEntryNutritionAdderContainerViewController.swift in Sources */ = {isa = PBXBuildFile; fileRef = 23C1741F1C5413E400602A04 /* DiaryEntryNutritionAdderContainerViewController.swift */; };
		23C174221C5421A300602A04 /* AppProtocols.swift in Sources */ = {isa = PBXBuildFile; fileRef = 23C174211C5421A300602A04 /* AppProtocols.swift */; };
		23C174241C5425D900602A04 /* PreviousRecipesViewController.swift in Sources */ = {isa = PBXBuildFile; fileRef = 23C174231C5425D900602A04 /* PreviousRecipesViewController.swift */; };
		23C174261C543D6000602A04 /* CustomRecipesViewController.swift in Sources */ = {isa = PBXBuildFile; fileRef = 23C174251C543D6000602A04 /* CustomRecipesViewController.swift */; };
		23C174281C543D9000602A04 /* DatabaseRecipesViewController.swift in Sources */ = {isa = PBXBuildFile; fileRef = 23C174271C543D9000602A04 /* DatabaseRecipesViewController.swift */; };
		23C1742A1C54A0E700602A04 /* SearchableViewController.swift in Sources */ = {isa = PBXBuildFile; fileRef = 23C174291C54A0E700602A04 /* SearchableViewController.swift */; };
		23C1742C1C54A2B800602A04 /* PreviousMealsViewController.swift in Sources */ = {isa = PBXBuildFile; fileRef = 23C1742B1C54A2B800602A04 /* PreviousMealsViewController.swift */; };
		23C174321C57059100602A04 /* StatsViewController.swift in Sources */ = {isa = PBXBuildFile; fileRef = 23C1742E1C57059100602A04 /* StatsViewController.swift */; };
		23C174331C57059100602A04 /* WeekNavigationControl.swift in Sources */ = {isa = PBXBuildFile; fileRef = 23C1742F1C57059100602A04 /* WeekNavigationControl.swift */; };
		23C174341C57059100602A04 /* ProgressDisplay.swift in Sources */ = {isa = PBXBuildFile; fileRef = 23C174301C57059100602A04 /* ProgressDisplay.swift */; };
		23C174351C57059100602A04 /* ArrowLabel.swift in Sources */ = {isa = PBXBuildFile; fileRef = 23C174311C57059100602A04 /* ArrowLabel.swift */; };
		33FE7331FAFB7216A0393ABB /* Pods_Dart_Mouth.framework in Frameworks */ = {isa = PBXBuildFile; fileRef = 4E9E8057BEC0D6AA9341EBAC /* Pods_Dart_Mouth.framework */; };
		6503A2FA1C8B7A1C00E9E50C /* SubscriptionCell.swift in Sources */ = {isa = PBXBuildFile; fileRef = 6503A2F91C8B7A1C00E9E50C /* SubscriptionCell.swift */; };
		6505F16D1C8A26CD001BEDD1 /* SubscriptionViewController.swift in Sources */ = {isa = PBXBuildFile; fileRef = 6505F16C1C8A26CD001BEDD1 /* SubscriptionViewController.swift */; };
		65804B331C7905E200F164AC /* MacroSliderThumbLayer.swift in Sources */ = {isa = PBXBuildFile; fileRef = 65804B321C7905E200F164AC /* MacroSliderThumbLayer.swift */; };
		65E682191C77B45C00B0FD7E /* MacroSlider.swift in Sources */ = {isa = PBXBuildFile; fileRef = 65E682181C77B45C00B0FD7E /* MacroSlider.swift */; };
		CD3FD0CC56377A2DA85A4A4D /* Pods_Dart_MouthTests.framework in Frameworks */ = {isa = PBXBuildFile; fileRef = 263AC35C1DCD47FDFB292421 /* Pods_Dart_MouthTests.framework */; };
/* End PBXBuildFile section */

/* Begin PBXContainerItemProxy section */
		2375D5E91BDC09B70065AC14 /* PBXContainerItemProxy */ = {
			isa = PBXContainerItemProxy;
			containerPortal = 2375D5CC1BDC09B70065AC14 /* Project object */;
			proxyType = 1;
			remoteGlobalIDString = 2375D5D31BDC09B70065AC14;
			remoteInfo = "Dart Mouth";
		};
/* End PBXContainerItemProxy section */

/* Begin PBXFileReference section */
		2304D8D21C5D49CF005E8D36 /* DatabaseRecipe.swift */ = {isa = PBXFileReference; fileEncoding = 4; lastKnownFileType = sourcecode.swift; path = DatabaseRecipe.swift; sourceTree = "<group>"; };
		23113E9C1C41A2B700B07756 /* DiaryEntry.swift */ = {isa = PBXFileReference; fileEncoding = 4; lastKnownFileType = sourcecode.swift; path = DiaryEntry.swift; sourceTree = "<group>"; };
		23113E9E1C41A44F00B07756 /* UserMeal.swift */ = {isa = PBXFileReference; fileEncoding = 4; lastKnownFileType = sourcecode.swift; path = UserMeal.swift; sourceTree = "<group>"; };
		23113EA01C41BCCD00B07756 /* CalorieBudgetView.swift */ = {isa = PBXFileReference; fileEncoding = 4; lastKnownFileType = sourcecode.swift; path = CalorieBudgetView.swift; sourceTree = "<group>"; };
		23300B551C36FBE200D2C166 /* String+Trim.swift */ = {isa = PBXFileReference; fileEncoding = 4; lastKnownFileType = sourcecode.swift; path = "String+Trim.swift"; sourceTree = "<group>"; };
		23300B5C1C37128500D2C166 /* SignupViewController.swift */ = {isa = PBXFileReference; fileEncoding = 4; lastKnownFileType = sourcecode.swift; path = SignupViewController.swift; sourceTree = "<group>"; };
		23300B5E1C374B8D00D2C166 /* CustomUser.swift */ = {isa = PBXFileReference; fileEncoding = 4; lastKnownFileType = sourcecode.swift; path = CustomUser.swift; sourceTree = "<group>"; };
		23300B601C3B3A2F00D2C166 /* LoginViewController.swift */ = {isa = PBXFileReference; fileEncoding = 4; lastKnownFileType = sourcecode.swift; path = LoginViewController.swift; sourceTree = "<group>"; };
		233CB02C1C78FB06006C0269 /* PreviousMealsAddViewController.swift */ = {isa = PBXFileReference; fileEncoding = 4; lastKnownFileType = sourcecode.swift; path = PreviousMealsAddViewController.swift; sourceTree = "<group>"; };
		233CB02E1C78FC2C006C0269 /* PreviousMealEntryTableViewCell.swift */ = {isa = PBXFileReference; fileEncoding = 4; lastKnownFileType = sourcecode.swift; path = PreviousMealEntryTableViewCell.swift; sourceTree = "<group>"; };
		233CB0301C790508006C0269 /* CheckboxUIButton.swift */ = {isa = PBXFileReference; fileEncoding = 4; lastKnownFileType = sourcecode.swift; path = CheckboxUIButton.swift; sourceTree = "<group>"; };
		233F94FE1C1930CA00C0D714 /* DateNavigationControl.swift */ = {isa = PBXFileReference; fileEncoding = 4; lastKnownFileType = sourcecode.swift; path = DateNavigationControl.swift; sourceTree = "<group>"; };
		23757699ACDEC8980594772C /* Pods-Dart MouthTests.release.xcconfig */ = {isa = PBXFileReference; includeInIndex = 1; lastKnownFileType = text.xcconfig; name = "Pods-Dart MouthTests.release.xcconfig"; path = "Pods/Target Support Files/Pods-Dart MouthTests/Pods-Dart MouthTests.release.xcconfig"; sourceTree = "<group>"; };
		2375D5D41BDC09B70065AC14 /* Dart Mouth.app */ = {isa = PBXFileReference; explicitFileType = wrapper.application; includeInIndex = 0; path = "Dart Mouth.app"; sourceTree = BUILT_PRODUCTS_DIR; };
		2375D5D71BDC09B70065AC14 /* AppDelegate.swift */ = {isa = PBXFileReference; lastKnownFileType = sourcecode.swift; path = AppDelegate.swift; sourceTree = "<group>"; };
		2375D5DE1BDC09B70065AC14 /* Assets.xcassets */ = {isa = PBXFileReference; lastKnownFileType = folder.assetcatalog; path = Assets.xcassets; sourceTree = "<group>"; };
		2375D5E11BDC09B70065AC14 /* Base */ = {isa = PBXFileReference; lastKnownFileType = file.storyboard; name = Base; path = Base.lproj/LaunchScreen.storyboard; sourceTree = "<group>"; };
		2375D5E31BDC09B70065AC14 /* Info.plist */ = {isa = PBXFileReference; lastKnownFileType = text.plist.xml; path = Info.plist; sourceTree = "<group>"; };
		2375D5E81BDC09B70065AC14 /* Dart MouthTests.xctest */ = {isa = PBXFileReference; explicitFileType = wrapper.cfbundle; includeInIndex = 0; path = "Dart MouthTests.xctest"; sourceTree = BUILT_PRODUCTS_DIR; };
		2375D5EC1BDC09B70065AC14 /* Dart_MouthTests.swift */ = {isa = PBXFileReference; lastKnownFileType = sourcecode.swift; path = Dart_MouthTests.swift; sourceTree = "<group>"; };
		2375D5EE1BDC09B70065AC14 /* Info.plist */ = {isa = PBXFileReference; lastKnownFileType = text.plist.xml; path = Info.plist; sourceTree = "<group>"; };
		2376308A1BEE94D8000A6C54 /* PreferencesViewController.swift */ = {isa = PBXFileReference; fileEncoding = 4; lastKnownFileType = sourcecode.swift; path = PreferencesViewController.swift; sourceTree = "<group>"; };
		2376308B1BEE94D8000A6C54 /* DiaryViewController.swift */ = {isa = PBXFileReference; fileEncoding = 4; lastKnownFileType = sourcecode.swift; path = DiaryViewController.swift; sourceTree = "<group>"; };
		237630921BEEB3F0000A6C54 /* RecipeNutritionViewController.swift */ = {isa = PBXFileReference; fileEncoding = 4; lastKnownFileType = sourcecode.swift; path = RecipeNutritionViewController.swift; sourceTree = "<group>"; };
		237CC7B51C448E8300205DC6 /* DiaryEntryTableViewCell.swift */ = {isa = PBXFileReference; fileEncoding = 4; lastKnownFileType = sourcecode.swift; path = DiaryEntryTableViewCell.swift; sourceTree = "<group>"; };
		237CC7B71C48BA3200205DC6 /* DiaryTableHeaderView.swift */ = {isa = PBXFileReference; fileEncoding = 4; lastKnownFileType = sourcecode.swift; path = DiaryTableHeaderView.swift; sourceTree = "<group>"; };
		2384EF071C65480F00C9491B /* PastMealTableViewCell.swift */ = {isa = PBXFileReference; fileEncoding = 4; lastKnownFileType = sourcecode.swift; path = PastMealTableViewCell.swift; sourceTree = "<group>"; };
		238F1C8E1C2A2077007720F8 /* Recipe.swift */ = {isa = PBXFileReference; fileEncoding = 4; lastKnownFileType = sourcecode.swift; path = Recipe.swift; sourceTree = "<group>"; };
		238F1C961C2B8190007720F8 /* Offering.swift */ = {isa = PBXFileReference; fileEncoding = 4; lastKnownFileType = sourcecode.swift; path = Offering.swift; sourceTree = "<group>"; };
		238F1C981C2C6F22007720F8 /* Constants.swift */ = {isa = PBXFileReference; fileEncoding = 4; lastKnownFileType = sourcecode.swift; path = Constants.swift; sourceTree = "<group>"; };
		238F1C9A1C2C7867007720F8 /* Mappings.swift */ = {isa = PBXFileReference; fileEncoding = 4; lastKnownFileType = sourcecode.swift; path = Mappings.swift; sourceTree = "<group>"; };
		238F1C9C1C2DE938007720F8 /* MealEnums.swift */ = {isa = PBXFileReference; fileEncoding = 4; lastKnownFileType = sourcecode.swift; path = MealEnums.swift; sourceTree = "<group>"; };
		238F1C9E1C2DE95F007720F8 /* ParseFieldCompatibleProtocol.swift */ = {isa = PBXFileReference; fileEncoding = 4; lastKnownFileType = sourcecode.swift; path = ParseFieldCompatibleProtocol.swift; sourceTree = "<group>"; };
		238F1CA01C332801007720F8 /* NSDate+ConvenienceInit.swift */ = {isa = PBXFileReference; fileEncoding = 4; lastKnownFileType = sourcecode.swift; path = "NSDate+ConvenienceInit.swift"; sourceTree = "<group>"; };
		239BFA791C190CF200617EE7 /* MenuViewController.swift */ = {isa = PBXFileReference; fileEncoding = 4; lastKnownFileType = sourcecode.swift; path = MenuViewController.swift; sourceTree = "<group>"; };
		23A08E121BF30B94002685A6 /* InitializationViewController.swift */ = {isa = PBXFileReference; fileEncoding = 4; lastKnownFileType = sourcecode.swift; path = InitializationViewController.swift; sourceTree = "<group>"; };
		23A4F5C51C4A350F006C7891 /* RecipeCell.swift */ = {isa = PBXFileReference; fileEncoding = 4; lastKnownFileType = sourcecode.swift; path = RecipeCell.swift; sourceTree = "<group>"; };
		23A4F5C91C502965006C7891 /* MenuContainerViewController.swift */ = {isa = PBXFileReference; fileEncoding = 4; lastKnownFileType = sourcecode.swift; path = MenuContainerViewController.swift; sourceTree = "<group>"; };
		23A4F5CB1C5040BC006C7891 /* FractionUtil.swift */ = {isa = PBXFileReference; fileEncoding = 4; lastKnownFileType = sourcecode.swift; path = FractionUtil.swift; sourceTree = "<group>"; };
		23A4F5CF1C50726C006C7891 /* RecipeNutritonAdderContainerViewController.swift */ = {isa = PBXFileReference; fileEncoding = 4; lastKnownFileType = sourcecode.swift; path = RecipeNutritonAdderContainerViewController.swift; sourceTree = "<group>"; };
		23A4F5D11C509D0B006C7891 /* DiaryEntryEditContainerViewController.swift */ = {isa = PBXFileReference; fileEncoding = 4; lastKnownFileType = sourcecode.swift; path = DiaryEntryEditContainerViewController.swift; sourceTree = "<group>"; };
		23B9FFDC1C8A2E1800E8D680 /* Subscription.swift */ = {isa = PBXFileReference; fileEncoding = 4; lastKnownFileType = sourcecode.swift; path = Subscription.swift; sourceTree = "<group>"; };
		23BF16BA1C0D319D00F2CD8E /* Main.storyboard */ = {isa = PBXFileReference; fileEncoding = 4; lastKnownFileType = file.storyboard; path = Main.storyboard; sourceTree = "<group>"; };
		23C1741B1C51F68B00602A04 /* DiaryEntryMealPickerViewController.swift */ = {isa = PBXFileReference; fileEncoding = 4; lastKnownFileType = sourcecode.swift; path = DiaryEntryMealPickerViewController.swift; sourceTree = "<group>"; };
		23C1741D1C51F71000602A04 /* DiaryEntryAddContainerViewController.swift */ = {isa = PBXFileReference; fileEncoding = 4; lastKnownFileType = sourcecode.swift; path = DiaryEntryAddContainerViewController.swift; sourceTree = "<group>"; };
		23C1741F1C5413E400602A04 /* DiaryEntryNutritionAdderContainerViewController.swift */ = {isa = PBXFileReference; fileEncoding = 4; lastKnownFileType = sourcecode.swift; path = DiaryEntryNutritionAdderContainerViewController.swift; sourceTree = "<group>"; };
		23C174211C5421A300602A04 /* AppProtocols.swift */ = {isa = PBXFileReference; fileEncoding = 4; lastKnownFileType = sourcecode.swift; path = AppProtocols.swift; sourceTree = "<group>"; };
		23C174231C5425D900602A04 /* PreviousRecipesViewController.swift */ = {isa = PBXFileReference; fileEncoding = 4; lastKnownFileType = sourcecode.swift; path = PreviousRecipesViewController.swift; sourceTree = "<group>"; };
		23C174251C543D6000602A04 /* CustomRecipesViewController.swift */ = {isa = PBXFileReference; fileEncoding = 4; lastKnownFileType = sourcecode.swift; path = CustomRecipesViewController.swift; sourceTree = "<group>"; };
		23C174271C543D9000602A04 /* DatabaseRecipesViewController.swift */ = {isa = PBXFileReference; fileEncoding = 4; lastKnownFileType = sourcecode.swift; path = DatabaseRecipesViewController.swift; sourceTree = "<group>"; };
		23C174291C54A0E700602A04 /* SearchableViewController.swift */ = {isa = PBXFileReference; fileEncoding = 4; lastKnownFileType = sourcecode.swift; path = SearchableViewController.swift; sourceTree = "<group>"; };
		23C1742B1C54A2B800602A04 /* PreviousMealsViewController.swift */ = {isa = PBXFileReference; fileEncoding = 4; lastKnownFileType = sourcecode.swift; path = PreviousMealsViewController.swift; sourceTree = "<group>"; };
		23C1742E1C57059100602A04 /* StatsViewController.swift */ = {isa = PBXFileReference; fileEncoding = 4; lastKnownFileType = sourcecode.swift; path = StatsViewController.swift; sourceTree = "<group>"; };
		23C1742F1C57059100602A04 /* WeekNavigationControl.swift */ = {isa = PBXFileReference; fileEncoding = 4; lastKnownFileType = sourcecode.swift; path = WeekNavigationControl.swift; sourceTree = "<group>"; };
		23C174301C57059100602A04 /* ProgressDisplay.swift */ = {isa = PBXFileReference; fileEncoding = 4; lastKnownFileType = sourcecode.swift; path = ProgressDisplay.swift; sourceTree = "<group>"; };
		23C174311C57059100602A04 /* ArrowLabel.swift */ = {isa = PBXFileReference; fileEncoding = 4; lastKnownFileType = sourcecode.swift; path = ArrowLabel.swift; sourceTree = "<group>"; };
		263AC35C1DCD47FDFB292421 /* Pods_Dart_MouthTests.framework */ = {isa = PBXFileReference; explicitFileType = wrapper.framework; includeInIndex = 0; path = Pods_Dart_MouthTests.framework; sourceTree = BUILT_PRODUCTS_DIR; };
		4E9E8057BEC0D6AA9341EBAC /* Pods_Dart_Mouth.framework */ = {isa = PBXFileReference; explicitFileType = wrapper.framework; includeInIndex = 0; path = Pods_Dart_Mouth.framework; sourceTree = BUILT_PRODUCTS_DIR; };
		58A186857541FACAF86F6959 /* Pods-Dart Mouth.debug.xcconfig */ = {isa = PBXFileReference; includeInIndex = 1; lastKnownFileType = text.xcconfig; name = "Pods-Dart Mouth.debug.xcconfig"; path = "Pods/Target Support Files/Pods-Dart Mouth/Pods-Dart Mouth.debug.xcconfig"; sourceTree = "<group>"; };
		6503A2F91C8B7A1C00E9E50C /* SubscriptionCell.swift */ = {isa = PBXFileReference; fileEncoding = 4; lastKnownFileType = sourcecode.swift; path = SubscriptionCell.swift; sourceTree = "<group>"; };
		6505F16C1C8A26CD001BEDD1 /* SubscriptionViewController.swift */ = {isa = PBXFileReference; fileEncoding = 4; lastKnownFileType = sourcecode.swift; path = SubscriptionViewController.swift; sourceTree = "<group>"; };
		65804B321C7905E200F164AC /* MacroSliderThumbLayer.swift */ = {isa = PBXFileReference; fileEncoding = 4; lastKnownFileType = sourcecode.swift; path = MacroSliderThumbLayer.swift; sourceTree = "<group>"; };
		65E682181C77B45C00B0FD7E /* MacroSlider.swift */ = {isa = PBXFileReference; fileEncoding = 4; lastKnownFileType = sourcecode.swift; path = MacroSlider.swift; sourceTree = "<group>"; };
		C571A500316D791E1742F8BE /* Pods-Dart MouthTests.debug.xcconfig */ = {isa = PBXFileReference; includeInIndex = 1; lastKnownFileType = text.xcconfig; name = "Pods-Dart MouthTests.debug.xcconfig"; path = "Pods/Target Support Files/Pods-Dart MouthTests/Pods-Dart MouthTests.debug.xcconfig"; sourceTree = "<group>"; };
		D386822DE229CD5314C72369 /* Pods-Dart Mouth.release.xcconfig */ = {isa = PBXFileReference; includeInIndex = 1; lastKnownFileType = text.xcconfig; name = "Pods-Dart Mouth.release.xcconfig"; path = "Pods/Target Support Files/Pods-Dart Mouth/Pods-Dart Mouth.release.xcconfig"; sourceTree = "<group>"; };
/* End PBXFileReference section */

/* Begin PBXFrameworksBuildPhase section */
		2375D5D11BDC09B70065AC14 /* Frameworks */ = {
			isa = PBXFrameworksBuildPhase;
			buildActionMask = 2147483647;
			files = (
				33FE7331FAFB7216A0393ABB /* Pods_Dart_Mouth.framework in Frameworks */,
			);
			runOnlyForDeploymentPostprocessing = 0;
		};
		2375D5E51BDC09B70065AC14 /* Frameworks */ = {
			isa = PBXFrameworksBuildPhase;
			buildActionMask = 2147483647;
			files = (
				CD3FD0CC56377A2DA85A4A4D /* Pods_Dart_MouthTests.framework in Frameworks */,
			);
			runOnlyForDeploymentPostprocessing = 0;
		};
/* End PBXFrameworksBuildPhase section */

/* Begin PBXGroup section */
		23073D7C1BF2D47900887F92 /* Util */ = {
			isa = PBXGroup;
			children = (
				238F1C981C2C6F22007720F8 /* Constants.swift */,
				238F1C9A1C2C7867007720F8 /* Mappings.swift */,
				23A4F5CB1C5040BC006C7891 /* FractionUtil.swift */,
			);
			name = Util;
			sourceTree = "<group>";
		};
		23300B541C36FBB400D2C166 /* Extensions */ = {
			isa = PBXGroup;
			children = (
				238F1CA01C332801007720F8 /* NSDate+ConvenienceInit.swift */,
				23300B551C36FBE200D2C166 /* String+Trim.swift */,
			);
			name = Extensions;
			sourceTree = "<group>";
		};
		23300B571C3711B800D2C166 /* Onboarding */ = {
			isa = PBXGroup;
			children = (
				23300B5C1C37128500D2C166 /* SignupViewController.swift */,
				23300B601C3B3A2F00D2C166 /* LoginViewController.swift */,
			);
			name = Onboarding;
			sourceTree = "<group>";
		};
		2375D5CB1BDC09B70065AC14 = {
			isa = PBXGroup;
			children = (
				2375D5D61BDC09B70065AC14 /* Dart Mouth */,
				2375D5EB1BDC09B70065AC14 /* Dart MouthTests */,
				2375D5D51BDC09B70065AC14 /* Products */,
				E59D1F01DE193183D3280E00 /* Pods */,
				7B5246E95283A196AAAF038B /* Frameworks */,
			);
			sourceTree = "<group>";
		};
		2375D5D51BDC09B70065AC14 /* Products */ = {
			isa = PBXGroup;
			children = (
				2375D5D41BDC09B70065AC14 /* Dart Mouth.app */,
				2375D5E81BDC09B70065AC14 /* Dart MouthTests.xctest */,
			);
			name = Products;
			sourceTree = "<group>";
		};
		2375D5D61BDC09B70065AC14 /* Dart Mouth */ = {
			isa = PBXGroup;
			children = (
				23A08E111BF30B79002685A6 /* Initialization */,
				23073D7C1BF2D47900887F92 /* Util */,
				239BFA7B1C190DCB00617EE7 /* Views */,
				2397926D1BE5521100B969AC /* Models */,
				2375D5F71BDC09D40065AC14 /* Supporting Files */,
			);
			path = "Dart Mouth";
			sourceTree = "<group>";
		};
		2375D5EB1BDC09B70065AC14 /* Dart MouthTests */ = {
			isa = PBXGroup;
			children = (
				2375D5EC1BDC09B70065AC14 /* Dart_MouthTests.swift */,
				2375D5EE1BDC09B70065AC14 /* Info.plist */,
			);
			path = "Dart MouthTests";
			sourceTree = "<group>";
		};
		2375D5F71BDC09D40065AC14 /* Supporting Files */ = {
			isa = PBXGroup;
			children = (
				23BF16BA1C0D319D00F2CD8E /* Main.storyboard */,
				2375D5E01BDC09B70065AC14 /* LaunchScreen.storyboard */,
				2375D5D71BDC09B70065AC14 /* AppDelegate.swift */,
				2375D5DE1BDC09B70065AC14 /* Assets.xcassets */,
				2375D5E31BDC09B70065AC14 /* Info.plist */,
			);
			name = "Supporting Files";
			sourceTree = "<group>";
		};
		237630851BEE94A0000A6C54 /* MenuView */ = {
			isa = PBXGroup;
			children = (
				23A4F5C91C502965006C7891 /* MenuContainerViewController.swift */,
				23A4F5C51C4A350F006C7891 /* RecipeCell.swift */,
				23A4F5CF1C50726C006C7891 /* RecipeNutritonAdderContainerViewController.swift */,
			);
			name = MenuView;
			sourceTree = "<group>";
		};
		2376308E1BEE94E0000A6C54 /* PreferencesView */ = {
			isa = PBXGroup;
			children = (
				2376308A1BEE94D8000A6C54 /* PreferencesViewController.swift */,
				65E682181C77B45C00B0FD7E /* MacroSlider.swift */,
				65804B321C7905E200F164AC /* MacroSliderThumbLayer.swift */,
				6505F16C1C8A26CD001BEDD1 /* SubscriptionViewController.swift */,
				6503A2F91C8B7A1C00E9E50C /* SubscriptionCell.swift */,
			);
			name = PreferencesView;
			sourceTree = "<group>";
		};
		2376308F1BEE94E9000A6C54 /* DiaryView */ = {
			isa = PBXGroup;
			children = (
				2376308B1BEE94D8000A6C54 /* DiaryViewController.swift */,
				237CC7B51C448E8300205DC6 /* DiaryEntryTableViewCell.swift */,
				237CC7B71C48BA3200205DC6 /* DiaryTableHeaderView.swift */,
				23A4F5D11C509D0B006C7891 /* DiaryEntryEditContainerViewController.swift */,
				23C1741D1C51F71000602A04 /* DiaryEntryAddContainerViewController.swift */,
				23C1741F1C5413E400602A04 /* DiaryEntryNutritionAdderContainerViewController.swift */,
				23C174231C5425D900602A04 /* PreviousRecipesViewController.swift */,
				23C174251C543D6000602A04 /* CustomRecipesViewController.swift */,
				23C174271C543D9000602A04 /* DatabaseRecipesViewController.swift */,
				23C1742B1C54A2B800602A04 /* PreviousMealsViewController.swift */,
				2384EF071C65480F00C9491B /* PastMealTableViewCell.swift */,
				233CB02C1C78FB06006C0269 /* PreviousMealsAddViewController.swift */,
				233CB02E1C78FC2C006C0269 /* PreviousMealEntryTableViewCell.swift */,
			);
			name = DiaryView;
			sourceTree = "<group>";
		};
		2397926D1BE5521100B969AC /* Models */ = {
			isa = PBXGroup;
			children = (
				23C174211C5421A300602A04 /* AppProtocols.swift */,
				23300B541C36FBB400D2C166 /* Extensions */,
				238F1C8E1C2A2077007720F8 /* Recipe.swift */,
				238F1C961C2B8190007720F8 /* Offering.swift */,
				238F1C9C1C2DE938007720F8 /* MealEnums.swift */,
				238F1C9E1C2DE95F007720F8 /* ParseFieldCompatibleProtocol.swift */,
				23300B5E1C374B8D00D2C166 /* CustomUser.swift */,
				23113E9C1C41A2B700B07756 /* DiaryEntry.swift */,
				23113E9E1C41A44F00B07756 /* UserMeal.swift */,
				23C174291C54A0E700602A04 /* SearchableViewController.swift */,
				2304D8D21C5D49CF005E8D36 /* DatabaseRecipe.swift */,
				23B9FFDC1C8A2E1800E8D680 /* Subscription.swift */,
			);
			name = Models;
			sourceTree = "<group>";
		};
		239BFA7B1C190DCB00617EE7 /* Views */ = {
			isa = PBXGroup;
			children = (
				23C1742D1C57057B00602A04 /* StatsView */,
				2376308E1BEE94E0000A6C54 /* PreferencesView */,
				23A4F5CE1C506FA9006C7891 /* Reusable Views */,
				23A4F5CD1C506F37006C7891 /* Reusable View Controllers */,
				23300B571C3711B800D2C166 /* Onboarding */,
				2376308F1BEE94E9000A6C54 /* DiaryView */,
				237630851BEE94A0000A6C54 /* MenuView */,
			);
			name = Views;
			sourceTree = "<group>";
		};
		23A08E111BF30B79002685A6 /* Initialization */ = {
			isa = PBXGroup;
			children = (
				23A08E121BF30B94002685A6 /* InitializationViewController.swift */,
			);
			name = Initialization;
			sourceTree = "<group>";
		};
		23A4F5CD1C506F37006C7891 /* Reusable View Controllers */ = {
			isa = PBXGroup;
			children = (
				239BFA791C190CF200617EE7 /* MenuViewController.swift */,
				237630921BEEB3F0000A6C54 /* RecipeNutritionViewController.swift */,
				23C1741B1C51F68B00602A04 /* DiaryEntryMealPickerViewController.swift */,
			);
			name = "Reusable View Controllers";
			sourceTree = "<group>";
		};
		23A4F5CE1C506FA9006C7891 /* Reusable Views */ = {
			isa = PBXGroup;
			children = (
				233F94FE1C1930CA00C0D714 /* DateNavigationControl.swift */,
				23113EA01C41BCCD00B07756 /* CalorieBudgetView.swift */,
				233CB0301C790508006C0269 /* CheckboxUIButton.swift */,
			);
			name = "Reusable Views";
			sourceTree = "<group>";
		};
		23C1742D1C57057B00602A04 /* StatsView */ = {
			isa = PBXGroup;
			children = (
				23C1742E1C57059100602A04 /* StatsViewController.swift */,
				23C1742F1C57059100602A04 /* WeekNavigationControl.swift */,
				23C174301C57059100602A04 /* ProgressDisplay.swift */,
				23C174311C57059100602A04 /* ArrowLabel.swift */,
			);
			name = StatsView;
			sourceTree = "<group>";
		};
		7B5246E95283A196AAAF038B /* Frameworks */ = {
			isa = PBXGroup;
			children = (
				4E9E8057BEC0D6AA9341EBAC /* Pods_Dart_Mouth.framework */,
				263AC35C1DCD47FDFB292421 /* Pods_Dart_MouthTests.framework */,
			);
			name = Frameworks;
			sourceTree = "<group>";
		};
		E59D1F01DE193183D3280E00 /* Pods */ = {
			isa = PBXGroup;
			children = (
				58A186857541FACAF86F6959 /* Pods-Dart Mouth.debug.xcconfig */,
				D386822DE229CD5314C72369 /* Pods-Dart Mouth.release.xcconfig */,
				C571A500316D791E1742F8BE /* Pods-Dart MouthTests.debug.xcconfig */,
				23757699ACDEC8980594772C /* Pods-Dart MouthTests.release.xcconfig */,
			);
			name = Pods;
			sourceTree = "<group>";
		};
/* End PBXGroup section */

/* Begin PBXNativeTarget section */
		2375D5D31BDC09B70065AC14 /* Dart Mouth */ = {
			isa = PBXNativeTarget;
			buildConfigurationList = 2375D5F11BDC09B70065AC14 /* Build configuration list for PBXNativeTarget "Dart Mouth" */;
			buildPhases = (
				B00E9B1F181A4DA41F903BCF /* Check Pods Manifest.lock */,
				2375D5D01BDC09B70065AC14 /* Sources */,
				2375D5D11BDC09B70065AC14 /* Frameworks */,
				2375D5D21BDC09B70065AC14 /* Resources */,
				2420149F2A764B0C80DD7D80 /* Embed Pods Frameworks */,
				24303EDEED612B00ABCCC1D5 /* Copy Pods Resources */,
			);
			buildRules = (
			);
			dependencies = (
			);
			name = "Dart Mouth";
			productName = "Dart Mouth";
			productReference = 2375D5D41BDC09B70065AC14 /* Dart Mouth.app */;
			productType = "com.apple.product-type.application";
		};
		2375D5E71BDC09B70065AC14 /* Dart MouthTests */ = {
			isa = PBXNativeTarget;
			buildConfigurationList = 2375D5F41BDC09B70065AC14 /* Build configuration list for PBXNativeTarget "Dart MouthTests" */;
			buildPhases = (
				1C1DCEB9D397D7FC40A4A7B8 /* Check Pods Manifest.lock */,
				2375D5E41BDC09B70065AC14 /* Sources */,
				2375D5E51BDC09B70065AC14 /* Frameworks */,
				2375D5E61BDC09B70065AC14 /* Resources */,
				94A1EABE204595B5A68A8812 /* Embed Pods Frameworks */,
				3D777B72852C2E5CFBC1D431 /* Copy Pods Resources */,
			);
			buildRules = (
			);
			dependencies = (
				2375D5EA1BDC09B70065AC14 /* PBXTargetDependency */,
			);
			name = "Dart MouthTests";
			productName = "Dart MouthTests";
			productReference = 2375D5E81BDC09B70065AC14 /* Dart MouthTests.xctest */;
			productType = "com.apple.product-type.bundle.unit-test";
		};
/* End PBXNativeTarget section */

/* Begin PBXProject section */
		2375D5CC1BDC09B70065AC14 /* Project object */ = {
			isa = PBXProject;
			attributes = {
				LastSwiftUpdateCheck = 0710;
				LastUpgradeCheck = 0710;
				ORGANIZATIONNAME = "Sujay's Dev Center";
				TargetAttributes = {
					2375D5D31BDC09B70065AC14 = {
						CreatedOnToolsVersion = 7.1;
						DevelopmentTeam = 4KDF53QYYU;
					};
					2375D5E71BDC09B70065AC14 = {
						CreatedOnToolsVersion = 7.1;
						DevelopmentTeam = T26DUXEP39;
						TestTargetID = 2375D5D31BDC09B70065AC14;
					};
				};
			};
			buildConfigurationList = 2375D5CF1BDC09B70065AC14 /* Build configuration list for PBXProject "Dart Mouth" */;
			compatibilityVersion = "Xcode 3.2";
			developmentRegion = English;
			hasScannedForEncodings = 0;
			knownRegions = (
				en,
				Base,
			);
			mainGroup = 2375D5CB1BDC09B70065AC14;
			productRefGroup = 2375D5D51BDC09B70065AC14 /* Products */;
			projectDirPath = "";
			projectRoot = "";
			targets = (
				2375D5D31BDC09B70065AC14 /* Dart Mouth */,
				2375D5E71BDC09B70065AC14 /* Dart MouthTests */,
			);
		};
/* End PBXProject section */

/* Begin PBXResourcesBuildPhase section */
		2375D5D21BDC09B70065AC14 /* Resources */ = {
			isa = PBXResourcesBuildPhase;
			buildActionMask = 2147483647;
			files = (
				23BF16BB1C0D319D00F2CD8E /* Main.storyboard in Resources */,
				2375D5E21BDC09B70065AC14 /* LaunchScreen.storyboard in Resources */,
				2375D5DF1BDC09B70065AC14 /* Assets.xcassets in Resources */,
			);
			runOnlyForDeploymentPostprocessing = 0;
		};
		2375D5E61BDC09B70065AC14 /* Resources */ = {
			isa = PBXResourcesBuildPhase;
			buildActionMask = 2147483647;
			files = (
			);
			runOnlyForDeploymentPostprocessing = 0;
		};
/* End PBXResourcesBuildPhase section */

/* Begin PBXShellScriptBuildPhase section */
		1C1DCEB9D397D7FC40A4A7B8 /* Check Pods Manifest.lock */ = {
			isa = PBXShellScriptBuildPhase;
			buildActionMask = 2147483647;
			files = (
			);
			inputPaths = (
			);
			name = "Check Pods Manifest.lock";
			outputPaths = (
			);
			runOnlyForDeploymentPostprocessing = 0;
			shellPath = /bin/sh;
			shellScript = "diff \"${PODS_ROOT}/../Podfile.lock\" \"${PODS_ROOT}/Manifest.lock\" > /dev/null\nif [[ $? != 0 ]] ; then\n    cat << EOM\nerror: The sandbox is not in sync with the Podfile.lock. Run 'pod install' or update your CocoaPods installation.\nEOM\n    exit 1\nfi\n";
			showEnvVarsInLog = 0;
		};
		2420149F2A764B0C80DD7D80 /* Embed Pods Frameworks */ = {
			isa = PBXShellScriptBuildPhase;
			buildActionMask = 2147483647;
			files = (
			);
			inputPaths = (
			);
			name = "Embed Pods Frameworks";
			outputPaths = (
			);
			runOnlyForDeploymentPostprocessing = 0;
			shellPath = /bin/sh;
			shellScript = "\"${SRCROOT}/Pods/Target Support Files/Pods-Dart Mouth/Pods-Dart Mouth-frameworks.sh\"\n";
			showEnvVarsInLog = 0;
		};
		24303EDEED612B00ABCCC1D5 /* Copy Pods Resources */ = {
			isa = PBXShellScriptBuildPhase;
			buildActionMask = 2147483647;
			files = (
			);
			inputPaths = (
			);
			name = "Copy Pods Resources";
			outputPaths = (
			);
			runOnlyForDeploymentPostprocessing = 0;
			shellPath = /bin/sh;
			shellScript = "\"${SRCROOT}/Pods/Target Support Files/Pods-Dart Mouth/Pods-Dart Mouth-resources.sh\"\n";
			showEnvVarsInLog = 0;
		};
		3D777B72852C2E5CFBC1D431 /* Copy Pods Resources */ = {
			isa = PBXShellScriptBuildPhase;
			buildActionMask = 2147483647;
			files = (
			);
			inputPaths = (
			);
			name = "Copy Pods Resources";
			outputPaths = (
			);
			runOnlyForDeploymentPostprocessing = 0;
			shellPath = /bin/sh;
			shellScript = "\"${SRCROOT}/Pods/Target Support Files/Pods-Dart MouthTests/Pods-Dart MouthTests-resources.sh\"\n";
			showEnvVarsInLog = 0;
		};
		94A1EABE204595B5A68A8812 /* Embed Pods Frameworks */ = {
			isa = PBXShellScriptBuildPhase;
			buildActionMask = 2147483647;
			files = (
			);
			inputPaths = (
			);
			name = "Embed Pods Frameworks";
			outputPaths = (
			);
			runOnlyForDeploymentPostprocessing = 0;
			shellPath = /bin/sh;
			shellScript = "\"${SRCROOT}/Pods/Target Support Files/Pods-Dart MouthTests/Pods-Dart MouthTests-frameworks.sh\"\n";
			showEnvVarsInLog = 0;
		};
		B00E9B1F181A4DA41F903BCF /* Check Pods Manifest.lock */ = {
			isa = PBXShellScriptBuildPhase;
			buildActionMask = 2147483647;
			files = (
			);
			inputPaths = (
			);
			name = "Check Pods Manifest.lock";
			outputPaths = (
			);
			runOnlyForDeploymentPostprocessing = 0;
			shellPath = /bin/sh;
			shellScript = "diff \"${PODS_ROOT}/../Podfile.lock\" \"${PODS_ROOT}/Manifest.lock\" > /dev/null\nif [[ $? != 0 ]] ; then\n    cat << EOM\nerror: The sandbox is not in sync with the Podfile.lock. Run 'pod install' or update your CocoaPods installation.\nEOM\n    exit 1\nfi\n";
			showEnvVarsInLog = 0;
		};
/* End PBXShellScriptBuildPhase section */

/* Begin PBXSourcesBuildPhase section */
		2375D5D01BDC09B70065AC14 /* Sources */ = {
			isa = PBXSourcesBuildPhase;
			buildActionMask = 2147483647;
			files = (
				23A4F5C61C4A350F006C7891 /* RecipeCell.swift in Sources */,
				65E682191C77B45C00B0FD7E /* MacroSlider.swift in Sources */,
				2376308D1BEE94D8000A6C54 /* DiaryViewController.swift in Sources */,
				238F1C991C2C6F22007720F8 /* Constants.swift in Sources */,
				23B9FFDD1C8A2E1800E8D680 /* Subscription.swift in Sources */,
				23300B561C36FBE200D2C166 /* String+Trim.swift in Sources */,
				23113EA11C41BCCD00B07756 /* CalorieBudgetView.swift in Sources */,
				23A4F5CA1C502965006C7891 /* MenuContainerViewController.swift in Sources */,
				233CB0311C790508006C0269 /* CheckboxUIButton.swift in Sources */,
				23A4F5CC1C5040BC006C7891 /* FractionUtil.swift in Sources */,
				237CC7B61C448E8300205DC6 /* DiaryEntryTableViewCell.swift in Sources */,
				23A08E131BF30B94002685A6 /* InitializationViewController.swift in Sources */,
				23C1741E1C51F71000602A04 /* DiaryEntryAddContainerViewController.swift in Sources */,
				6503A2FA1C8B7A1C00E9E50C /* SubscriptionCell.swift in Sources */,
				23A4F5D21C509D0C006C7891 /* DiaryEntryEditContainerViewController.swift in Sources */,
				23C174261C543D6000602A04 /* CustomRecipesViewController.swift in Sources */,
				238F1C9D1C2DE938007720F8 /* MealEnums.swift in Sources */,
				23113E9D1C41A2B700B07756 /* DiaryEntry.swift in Sources */,
				2304D8D31C5D49CF005E8D36 /* DatabaseRecipe.swift in Sources */,
				239BFA7A1C190CF200617EE7 /* MenuViewController.swift in Sources */,
				237CC7B81C48BA3200205DC6 /* DiaryTableHeaderView.swift in Sources */,
				23C1742C1C54A2B800602A04 /* PreviousMealsViewController.swift in Sources */,
				23300B5D1C37128500D2C166 /* SignupViewController.swift in Sources */,
				238F1C9F1C2DE95F007720F8 /* ParseFieldCompatibleProtocol.swift in Sources */,
				6505F16D1C8A26CD001BEDD1 /* SubscriptionViewController.swift in Sources */,
				23C174351C57059100602A04 /* ArrowLabel.swift in Sources */,
				23C174341C57059100602A04 /* ProgressDisplay.swift in Sources */,
				233CB02D1C78FB06006C0269 /* PreviousMealsAddViewController.swift in Sources */,
				23300B611C3B3A2F00D2C166 /* LoginViewController.swift in Sources */,
				23113E9F1C41A44F00B07756 /* UserMeal.swift in Sources */,
				23C174221C5421A300602A04 /* AppProtocols.swift in Sources */,
				233CB02F1C78FC2C006C0269 /* PreviousMealEntryTableViewCell.swift in Sources */,
				23C174281C543D9000602A04 /* DatabaseRecipesViewController.swift in Sources */,
				23C1742A1C54A0E700602A04 /* SearchableViewController.swift in Sources */,
				23C174241C5425D900602A04 /* PreviousRecipesViewController.swift in Sources */,
				23C1741C1C51F68B00602A04 /* DiaryEntryMealPickerViewController.swift in Sources */,
				2384EF081C65480F00C9491B /* PastMealTableViewCell.swift in Sources */,
				23C174321C57059100602A04 /* StatsViewController.swift in Sources */,
				23C174201C5413E400602A04 /* DiaryEntryNutritionAdderContainerViewController.swift in Sources */,
				2376308C1BEE94D8000A6C54 /* PreferencesViewController.swift in Sources */,
				238F1C971C2B8190007720F8 /* Offering.swift in Sources */,
				237630931BEEB3F0000A6C54 /* RecipeNutritionViewController.swift in Sources */,
				238F1C9B1C2C7867007720F8 /* Mappings.swift in Sources */,
				65804B331C7905E200F164AC /* MacroSliderThumbLayer.swift in Sources */,
				238F1C8F1C2A2077007720F8 /* Recipe.swift in Sources */,
				23A4F5D01C50726C006C7891 /* RecipeNutritonAdderContainerViewController.swift in Sources */,
				2375D5D81BDC09B70065AC14 /* AppDelegate.swift in Sources */,
				23C174331C57059100602A04 /* WeekNavigationControl.swift in Sources */,
				233F94FF1C1930CA00C0D714 /* DateNavigationControl.swift in Sources */,
				238F1CA11C332801007720F8 /* NSDate+ConvenienceInit.swift in Sources */,
				23300B5F1C374B8D00D2C166 /* CustomUser.swift in Sources */,
			);
			runOnlyForDeploymentPostprocessing = 0;
		};
		2375D5E41BDC09B70065AC14 /* Sources */ = {
			isa = PBXSourcesBuildPhase;
			buildActionMask = 2147483647;
			files = (
				2375D5ED1BDC09B70065AC14 /* Dart_MouthTests.swift in Sources */,
			);
			runOnlyForDeploymentPostprocessing = 0;
		};
/* End PBXSourcesBuildPhase section */

/* Begin PBXTargetDependency section */
		2375D5EA1BDC09B70065AC14 /* PBXTargetDependency */ = {
			isa = PBXTargetDependency;
			target = 2375D5D31BDC09B70065AC14 /* Dart Mouth */;
			targetProxy = 2375D5E91BDC09B70065AC14 /* PBXContainerItemProxy */;
		};
/* End PBXTargetDependency section */

/* Begin PBXVariantGroup section */
		2375D5E01BDC09B70065AC14 /* LaunchScreen.storyboard */ = {
			isa = PBXVariantGroup;
			children = (
				2375D5E11BDC09B70065AC14 /* Base */,
			);
			name = LaunchScreen.storyboard;
			sourceTree = "<group>";
		};
/* End PBXVariantGroup section */

/* Begin XCBuildConfiguration section */
		2375D5EF1BDC09B70065AC14 /* Debug */ = {
			isa = XCBuildConfiguration;
			buildSettings = {
				ALWAYS_SEARCH_USER_PATHS = NO;
				CLANG_CXX_LANGUAGE_STANDARD = "gnu++0x";
				CLANG_CXX_LIBRARY = "libc++";
				CLANG_ENABLE_MODULES = YES;
				CLANG_ENABLE_OBJC_ARC = YES;
				CLANG_WARN_BOOL_CONVERSION = YES;
				CLANG_WARN_CONSTANT_CONVERSION = YES;
				CLANG_WARN_DIRECT_OBJC_ISA_USAGE = YES_ERROR;
				CLANG_WARN_EMPTY_BODY = YES;
				CLANG_WARN_ENUM_CONVERSION = YES;
				CLANG_WARN_INT_CONVERSION = YES;
				CLANG_WARN_OBJC_ROOT_CLASS = YES_ERROR;
				CLANG_WARN_UNREACHABLE_CODE = YES;
				CLANG_WARN__DUPLICATE_METHOD_MATCH = YES;
				"CODE_SIGN_IDENTITY[sdk=iphoneos*]" = "iPhone Developer";
				COPY_PHASE_STRIP = NO;
				DEBUG_INFORMATION_FORMAT = dwarf;
				ENABLE_STRICT_OBJC_MSGSEND = YES;
				ENABLE_TESTABILITY = YES;
				GCC_C_LANGUAGE_STANDARD = gnu99;
				GCC_DYNAMIC_NO_PIC = NO;
				GCC_NO_COMMON_BLOCKS = YES;
				GCC_OPTIMIZATION_LEVEL = 0;
				GCC_PREPROCESSOR_DEFINITIONS = (
					"DEBUG=1",
					"$(inherited)",
				);
				GCC_WARN_64_TO_32_BIT_CONVERSION = YES;
				GCC_WARN_ABOUT_RETURN_TYPE = YES_ERROR;
				GCC_WARN_UNDECLARED_SELECTOR = YES;
				GCC_WARN_UNINITIALIZED_AUTOS = YES_AGGRESSIVE;
				GCC_WARN_UNUSED_FUNCTION = YES;
				GCC_WARN_UNUSED_VARIABLE = YES;
				IPHONEOS_DEPLOYMENT_TARGET = 9.1;
				MTL_ENABLE_DEBUG_INFO = YES;
				ONLY_ACTIVE_ARCH = YES;
				SDKROOT = iphoneos;
				SWIFT_OPTIMIZATION_LEVEL = "-Onone";
				TARGETED_DEVICE_FAMILY = "1,2";
			};
			name = Debug;
		};
		2375D5F01BDC09B70065AC14 /* Release */ = {
			isa = XCBuildConfiguration;
			buildSettings = {
				ALWAYS_SEARCH_USER_PATHS = NO;
				CLANG_CXX_LANGUAGE_STANDARD = "gnu++0x";
				CLANG_CXX_LIBRARY = "libc++";
				CLANG_ENABLE_MODULES = YES;
				CLANG_ENABLE_OBJC_ARC = YES;
				CLANG_WARN_BOOL_CONVERSION = YES;
				CLANG_WARN_CONSTANT_CONVERSION = YES;
				CLANG_WARN_DIRECT_OBJC_ISA_USAGE = YES_ERROR;
				CLANG_WARN_EMPTY_BODY = YES;
				CLANG_WARN_ENUM_CONVERSION = YES;
				CLANG_WARN_INT_CONVERSION = YES;
				CLANG_WARN_OBJC_ROOT_CLASS = YES_ERROR;
				CLANG_WARN_UNREACHABLE_CODE = YES;
				CLANG_WARN__DUPLICATE_METHOD_MATCH = YES;
				"CODE_SIGN_IDENTITY[sdk=iphoneos*]" = "iPhone Developer";
				COPY_PHASE_STRIP = NO;
				DEBUG_INFORMATION_FORMAT = "dwarf-with-dsym";
				ENABLE_NS_ASSERTIONS = NO;
				ENABLE_STRICT_OBJC_MSGSEND = YES;
				GCC_C_LANGUAGE_STANDARD = gnu99;
				GCC_NO_COMMON_BLOCKS = YES;
				GCC_WARN_64_TO_32_BIT_CONVERSION = YES;
				GCC_WARN_ABOUT_RETURN_TYPE = YES_ERROR;
				GCC_WARN_UNDECLARED_SELECTOR = YES;
				GCC_WARN_UNINITIALIZED_AUTOS = YES_AGGRESSIVE;
				GCC_WARN_UNUSED_FUNCTION = YES;
				GCC_WARN_UNUSED_VARIABLE = YES;
				IPHONEOS_DEPLOYMENT_TARGET = 9.1;
				MTL_ENABLE_DEBUG_INFO = NO;
				SDKROOT = iphoneos;
				TARGETED_DEVICE_FAMILY = "1,2";
				VALIDATE_PRODUCT = YES;
			};
			name = Release;
		};
		2375D5F21BDC09B70065AC14 /* Debug */ = {
			isa = XCBuildConfiguration;
			baseConfigurationReference = 58A186857541FACAF86F6959 /* Pods-Dart Mouth.debug.xcconfig */;
			buildSettings = {
				ASSETCATALOG_COMPILER_APPICON_NAME = AppIcon;
				CODE_SIGN_IDENTITY = "iPhone Developer";
				"CODE_SIGN_IDENTITY[sdk=iphoneos*]" = "iPhone Developer";
				INFOPLIST_FILE = "Dart Mouth/Info.plist";
				IPHONEOS_DEPLOYMENT_TARGET = 9.1;
				LD_RUNPATH_SEARCH_PATHS = "$(inherited) @executable_path/Frameworks";
				PRODUCT_BUNDLE_IDENTIFIER = "edu.dartmouth.Dart-Mouth";
				PRODUCT_NAME = "$(TARGET_NAME)";
				PROVISIONING_PROFILE = "";
				SWIFT_OBJC_BRIDGING_HEADER = "";
			};
			name = Debug;
		};
		2375D5F31BDC09B70065AC14 /* Release */ = {
			isa = XCBuildConfiguration;
			baseConfigurationReference = D386822DE229CD5314C72369 /* Pods-Dart Mouth.release.xcconfig */;
			buildSettings = {
				ASSETCATALOG_COMPILER_APPICON_NAME = AppIcon;
				CODE_SIGN_IDENTITY = "iPhone Developer";
				"CODE_SIGN_IDENTITY[sdk=iphoneos*]" = "iPhone Developer";
				INFOPLIST_FILE = "Dart Mouth/Info.plist";
				IPHONEOS_DEPLOYMENT_TARGET = 9.1;
				LD_RUNPATH_SEARCH_PATHS = "$(inherited) @executable_path/Frameworks";
				PRODUCT_BUNDLE_IDENTIFIER = "edu.dartmouth.Dart-Mouth";
				PRODUCT_NAME = "$(TARGET_NAME)";
				PROVISIONING_PROFILE = "";
				SWIFT_OBJC_BRIDGING_HEADER = "";
			};
			name = Release;
		};
		2375D5F51BDC09B70065AC14 /* Debug */ = {
			isa = XCBuildConfiguration;
			baseConfigurationReference = C571A500316D791E1742F8BE /* Pods-Dart MouthTests.debug.xcconfig */;
			buildSettings = {
				BUNDLE_LOADER = "$(TEST_HOST)";
				INFOPLIST_FILE = "Dart MouthTests/Info.plist";
				LD_RUNPATH_SEARCH_PATHS = "$(inherited) @executable_path/Frameworks @loader_path/Frameworks";
				PRODUCT_BUNDLE_IDENTIFIER = "edu.dartmouth.d33811e.Dart-MouthTests";
				PRODUCT_NAME = "$(TARGET_NAME)";
				TEST_HOST = "$(BUILT_PRODUCTS_DIR)/Dart Mouth.app/Dart Mouth";
			};
			name = Debug;
		};
		2375D5F61BDC09B70065AC14 /* Release */ = {
			isa = XCBuildConfiguration;
			baseConfigurationReference = 23757699ACDEC8980594772C /* Pods-Dart MouthTests.release.xcconfig */;
			buildSettings = {
				BUNDLE_LOADER = "$(TEST_HOST)";
				INFOPLIST_FILE = "Dart MouthTests/Info.plist";
				LD_RUNPATH_SEARCH_PATHS = "$(inherited) @executable_path/Frameworks @loader_path/Frameworks";
				PRODUCT_BUNDLE_IDENTIFIER = "edu.dartmouth.d33811e.Dart-MouthTests";
				PRODUCT_NAME = "$(TARGET_NAME)";
				TEST_HOST = "$(BUILT_PRODUCTS_DIR)/Dart Mouth.app/Dart Mouth";
			};
			name = Release;
		};
/* End XCBuildConfiguration section */

/* Begin XCConfigurationList section */
		2375D5CF1BDC09B70065AC14 /* Build configuration list for PBXProject "Dart Mouth" */ = {
			isa = XCConfigurationList;
			buildConfigurations = (
				2375D5EF1BDC09B70065AC14 /* Debug */,
				2375D5F01BDC09B70065AC14 /* Release */,
			);
			defaultConfigurationIsVisible = 0;
			defaultConfigurationName = Release;
		};
		2375D5F11BDC09B70065AC14 /* Build configuration list for PBXNativeTarget "Dart Mouth" */ = {
			isa = XCConfigurationList;
			buildConfigurations = (
				2375D5F21BDC09B70065AC14 /* Debug */,
				2375D5F31BDC09B70065AC14 /* Release */,
			);
			defaultConfigurationIsVisible = 0;
			defaultConfigurationName = Release;
		};
		2375D5F41BDC09B70065AC14 /* Build configuration list for PBXNativeTarget "Dart MouthTests" */ = {
			isa = XCConfigurationList;
			buildConfigurations = (
				2375D5F51BDC09B70065AC14 /* Debug */,
				2375D5F61BDC09B70065AC14 /* Release */,
			);
			defaultConfigurationIsVisible = 0;
			defaultConfigurationName = Release;
		};
/* End XCConfigurationList section */
	};
	rootObject = 2375D5CC1BDC09B70065AC14 /* Project object */;
}
