PODS:
  - AKPickerView-Swift (1.0.0)
  - Bolts/Tasks (1.5.0)
  - ChameleonFramework/Default (2.0.6)
  - ChameleonFramework/Swift (2.0.6):
    - ChameleonFramework/Default
  - HTHorizontalSelectionList (0.6.2)
  - Parse (1.10.0):
    - Bolts/Tasks (~> 1.5)
  - PureLayout (3.0.1)

DEPENDENCIES:
  - AKPickerView-Swift
  - ChameleonFramework/Swift
  - HTHorizontalSelectionList (~> 0.6.2)
  - Parse
  - PureLayout

SPEC CHECKSUMS:
  AKPickerView-Swift: 933897031753447302cf3167a0a5c738a58b219c
  Bolts: 722ab9a4f8b50fc4ed1b9998a5a7a2b3f16d80b4
  ChameleonFramework: a6b466873ff9a4ce3a5196c20bccf1a97ad9f446
  HTHorizontalSelectionList: 104417001c87753cc9560ab9674c7974db079a32
  Parse: 90b2544822200f84b18bfacc4e8b0a3a6c3584a2
  PureLayout: f35f5384c9c4e4479df041dbe33ad7577b71ddfb

COCOAPODS: 0.39.0
